{
  "name": "pipocajs",
  "version": "0.5.4",
  "lockfileVersion": 2,
  "requires": true,
  "packages": {
    "": {
      "name": "pipocajs",
      "version": "0.5.4",
      "license": "ISC",
      "dependencies": {
        "coloraljs": "github:kruceo/coloraljs"
      },
      "bin": {
        "pipoca": "src/bin/start.js",
        "ppc": "src/bin/start.js"
      }
    },
    "node_modules/coloraljs": {
      "version": "0.0.3",
      "resolved": "git+ssh://git@github.com/kruceo/coloraljs.git#84bc03f441420be1524294ceba02a2643d33bd0b",
      "license": "UNLICENSED",
      "engines": {
        "node": ">=18.0.0"
      }
    }
  },
  "dependencies": {
    "coloraljs": {
      "version": "git+ssh://git@github.com/kruceo/coloraljs.git#84bc03f441420be1524294ceba02a2643d33bd0b",
      "from": "coloraljs@github:kruceo/coloraljs"
    }
  }
}