{
  "name": "pipocajs",
  "version": "0.0.0",
  "lockfileVersion": 2,
  "requires": true,
  "packages": {
    "": {
      "name": "pipocajs",
      "version": "0.0.0",
      "license": "ISC",
      "dependencies": {
        "coloral": "github:kruceo/coloraljs"
      }
    },
    "node_modules/coloral": {
      "version": "0.0.3",
      "resolved": "git+ssh://git@github.com/kruceo/coloraljs.git#d0c38738a5c4269911a03b70eb3a51938585f522",
      "license": "UNLICENSED"
    }
  },
  "dependencies": {
    "coloral": {
      "version": "git+ssh://git@github.com/kruceo/coloraljs.git#d0c38738a5c4269911a03b70eb3a51938585f522",
      "from": "coloral@kruceo/coloraljs"
    }
  }
}
