{
  "name": "pipoca",
  "version": "1.2.0",
  "lockfileVersion": 2,
  "requires": true,
  "packages": {
    "": {
      "name": "pipoca",
      "version": "1.2.0",
      "license": "ISC",
      "dependencies": {
        "coloraljs": "github:kruceo/coloraljs",
        "pipoca": "github:kruceo/pipoca"
      },
      "bin": {
        "pipoca": "src/bin/start.mjs",
        "ppc": "src/bin/start.mjs"
      }
    },
    "node_modules/coloraljs": {
      "version": "0.0.3",
      "resolved": "git+ssh://git@github.com/kruceo/coloraljs.git#84bc03f441420be1524294ceba02a2643d33bd0b",
      "license": "UNLICENSED",
      "engines": {
        "node": ">=18.0.0"
      }
    },
    "node_modules/pipoca": {
      "version": "1.2.0",
      "resolved": "git+ssh://git@github.com/kruceo/pipoca.git#b6c1b9acb354fa37790ab64b1def98f8a398f17e",
      "license": "ISC",
      "dependencies": {
        "coloraljs": "github:kruceo/coloraljs"
      },
      "bin": {
        "pipoca": "src/bin/start.mjs",
        "ppc": "src/bin/start.mjs"
      }
    }
  },
  "dependencies": {
    "coloraljs": {
      "version": "git+ssh://git@github.com/kruceo/coloraljs.git#84bc03f441420be1524294ceba02a2643d33bd0b",
      "from": "coloraljs@github:kruceo/coloraljs"
    },
    "pipoca": {
      "version": "git+ssh://git@github.com/kruceo/pipoca.git#b6c1b9acb354fa37790ab64b1def98f8a398f17e",
      "from": "pipoca@github:kruceo/pipoca",
      "requires": {
        "coloraljs": "github:kruceo/coloraljs"
      }
    }
  }
}
